<?xml version="1.0" encoding="utf-8"?>
<Project ToolsVersion="4.0" xmlns="http://schemas.microsoft.com/developer/msbuild/2003">
  <ItemGroup>
    <ClCompile Include="j1App.cpp">
      <Filter>Desenvolupament  ========</Filter>
    </ClCompile>
    <ClCompile Include="j1Main.cpp">
      <Filter>Desenvolupament  ========</Filter>
    </ClCompile>
    <ClCompile Include="p2Log.cpp">
      <Filter>Programacio 2 ===========</Filter>
    </ClCompile>
    <ClCompile Include="PugiXml\src\pugixml.cpp">
      <Filter>Desenvolupament  ========\Tools\PuguiXML</Filter>
    </ClCompile>
    <ClCompile Include="j1Timer.cpp">
      <Filter>Desenvolupament  ========\Tools</Filter>
    </ClCompile>
    <ClCompile Include="j1PerfTimer.cpp">
      <Filter>Desenvolupament  ========\Tools</Filter>
    </ClCompile>
    <ClCompile Include="GuiElements.cpp">
      <Filter>Desenvolupament  ========\Modules\j1Gui\GuiElements</Filter>
    </ClCompile>
    <ClCompile Include="j1Audio.cpp">
      <Filter>Desenvolupament  ========\Modules\j1Audio</Filter>
    </ClCompile>
    <ClCompile Include="j1Collision.cpp">
      <Filter>Desenvolupament  ========\Modules\j1Collision</Filter>
    </ClCompile>
    <ClCompile Include="j1FileSystem.cpp">
      <Filter>Desenvolupament  ========\Modules\j1FileSystem</Filter>
    </ClCompile>
    <ClCompile Include="j1Fonts.cpp">
      <Filter>Desenvolupament  ========\Modules\j1Fonts</Filter>
    </ClCompile>
    <ClCompile Include="j1Gui.cpp">
      <Filter>Desenvolupament  ========\Modules\j1Gui</Filter>
    </ClCompile>
    <ClCompile Include="j1Input.cpp">
      <Filter>Desenvolupament  ========\Modules\j1Input</Filter>
    </ClCompile>
    <ClCompile Include="j1Map.cpp">
      <Filter>Desenvolupament  ========\Modules\j1Map</Filter>
    </ClCompile>
    <ClCompile Include="j1Pathfinding.cpp">
      <Filter>Desenvolupament  ========\Modules\j1Pathfinding</Filter>
    </ClCompile>
    <ClCompile Include="j1Player.cpp">
      <Filter>Desenvolupament  ========\Modules\j1Player</Filter>
    </ClCompile>
    <ClCompile Include="j1Render.cpp">
      <Filter>Desenvolupament  ========\Modules\j1Render</Filter>
    </ClCompile>
    <ClCompile Include="j1SceneManager.cpp">
      <Filter>Desenvolupament  ========\Modules\j1SceneManager</Filter>
    </ClCompile>
    <ClCompile Include="j1Textures.cpp">
      <Filter>Desenvolupament  ========\Modules\j1Textures</Filter>
    </ClCompile>
    <ClCompile Include="j1Window.cpp">
      <Filter>Desenvolupament  ========\Modules\j1Window</Filter>
    </ClCompile>
    <ClCompile Include="snIntro.cpp">
      <Filter>Desenvolupament  ========\Scenes\snIntro</Filter>
    </ClCompile>
    <ClCompile Include="snOutdoor1.cpp">
      <Filter>Desenvolupament  ========\Scenes\snOutdoor1</Filter>
    </ClCompile>
    <ClCompile Include="j1Game.cpp">
      <Filter>Desenvolupament  ========\Modules\j1Game</Filter>
    </ClCompile>
    <ClCompile Include="j1EntityManager.cpp">
      <Filter>Desenvolupament  ========\Modules\j1EntityManager</Filter>
    </ClCompile>
    <ClCompile Include="hudBelt.cpp">
      <Filter>Desenvolupament  ========\Modules\j1HUD\hudElements\hudBelt</Filter>
    </ClCompile>
    <ClCompile Include="j1HUD.cpp">
      <Filter>Desenvolupament  ========\Modules\j1HUD</Filter>
    </ClCompile>
    <ClCompile Include="hudPause.cpp">
      <Filter>Desenvolupament  ========\Modules\j1HUD\hudElements\hudPause</Filter>
    </ClCompile>
    <ClCompile Include="Entity.cpp">
      <Filter>Desenvolupament  ========\Modules\j1EntityManager\Entities</Filter>
    </ClCompile>
    <ClCompile Include="EntMobile.cpp">
      <Filter>Desenvolupament  ========\Modules\j1EntityManager\Entities\EntMobile</Filter>
    </ClCompile>
    <ClCompile Include="EntEnemy.cpp">
      <Filter>Desenvolupament  ========\Modules\j1EntityManager\Entities\EntMobile\EntEnemy</Filter>
    </ClCompile>
    <ClCompile Include="EntProp.cpp">
      <Filter>Desenvolupament  ========\Modules\j1EntityManager\Entities\EntStatic\EntProp</Filter>
    </ClCompile>
    <ClCompile Include="EntStatic.cpp">
      <Filter>Desenvolupament  ========\Modules\j1EntityManager\Entities\EntStatic</Filter>
    </ClCompile>
    <ClCompile Include="EntItem.cpp">
      <Filter>Desenvolupament  ========\Modules\j1EntityManager\Entities\EntStatic\EntItem</Filter>
    </ClCompile>
    <ClCompile Include="GuiInventory.cpp">
      <Filter>Desenvolupament  ========\Modules\j1Gui\GuiElements\GuiInventory</Filter>
    </ClCompile>
    <ClCompile Include="GuiItem.cpp">
      <Filter>Desenvolupament  ========\Modules\j1Gui\GuiElements\GuiInventory</Filter>
    </ClCompile>
    <ClCompile Include="GuiSlot.cpp">
      <Filter>Desenvolupament  ========\Modules\j1Gui\GuiElements\GuiInventory</Filter>
    </ClCompile>
    <ClCompile Include="hudInventory.cpp">
      <Filter>Desenvolupament  ========\Modules\j1HUD\hudElements\hudInventory</Filter>
    </ClCompile>
    <ClCompile Include="snDungeon1.cpp">
      <Filter>Desenvolupament  ========\Scenes\snDungeon</Filter>
    </ClCompile>
    <ClCompile Include="snWin.cpp">
      <Filter>Desenvolupament  ========\Scenes\snWin</Filter>
    </ClCompile>
    <ClCompile Include="hudBlood.cpp">
      <Filter>Desenvolupament  ========\Modules\j1HUD\hudElements\hudBlood</Filter>
    </ClCompile>
    <ClCompile Include="playerParticle.cpp">
      <Filter>Desenvolupament  ========\Modules\j1Player\playerParticle</Filter>
    </ClCompile>
    <ClCompile Include="hudSkilltree.cpp">
      <Filter>Desenvolupament  ========\Modules\j1HUD\hudElements\hudSkilltree</Filter>
    </ClCompile>
    <ClCompile Include="EntPortal.cpp">
      <Filter>Desenvolupament  ========\Modules\j1EntityManager\Entities\EntStatic\EntPortal</Filter>
    </ClCompile>
    <ClCompile Include="Skill.cpp">
      <Filter>Desenvolupament  ========\Modules\j1Player\Skills</Filter>
    </ClCompile>
    <ClCompile Include="PlayerSkills.cpp">
      <Filter>Desenvolupament  ========\Modules\j1Player\Skills\Player skills</Filter>
    </ClCompile>
    <ClCompile Include="j1ParticleManager.cpp">
      <Filter>Desenvolupament  ========\Modules\j1ParticleManager</Filter>
    </ClCompile>
    <ClCompile Include="Item.cpp">
      <Filter>Desenvolupament  ========\Modules\Items</Filter>
    </ClCompile>
    <ClCompile Include="hudStats.cpp">
      <Filter>Desenvolupament  ========\Modules\j1HUD\hudElements\hudStats</Filter>
    </ClCompile>
    <ClCompile Include="snDungeon2.cpp">
      <Filter>Desenvolupament  ========\Scenes\snDungeon2</Filter>
    </ClCompile>
    <ClCompile Include="GuiSkill.cpp">
      <Filter>Desenvolupament  ========\Modules\j1Gui\GuiElements</Filter>
    </ClCompile>
    <ClCompile Include="EntEnemyWolf.cpp">
      <Filter>Desenvolupament  ========\Modules\j1EntityManager\Entities\EntMobile\EntEnemy\EntEnemyWolf</Filter>
    </ClCompile>
    <ClCompile Include="EntEnemyCrawler.cpp">
      <Filter>Desenvolupament  ========\Modules\j1EntityManager\Entities\EntMobile\EntEnemy\EntEnemyCrawler</Filter>
    </ClCompile>
    <ClCompile Include="EntEnemyCouncil.cpp">
      <Filter>Desenvolupament  ========\Modules\j1EntityManager\Entities\EntMobile\EntEnemy\EntEnemyCouncil</Filter>
    </ClCompile>
    <ClCompile Include="EntEnemyShaman.cpp">
      <Filter>Desenvolupament  ========\Modules\j1EntityManager\Entities\EntMobile\EntEnemy\EntEnemyShaman</Filter>
    </ClCompile>
    <ClCompile Include="EntEnemySummoner.cpp">
      <Filter>Desenvolupament  ========\Modules\j1EntityManager\Entities\EntMobile\EntEnemy\EntEnemySummoner</Filter>
    </ClCompile>
    <ClCompile Include="snOutdoor2.cpp">
      <Filter>Desenvolupament  ========\Scenes\snOutdoor2</Filter>
    </ClCompile>
    <ClCompile Include="GuiMiniMap.cpp">
      <Filter>Desenvolupament  ========\Modules\j1Gui\GuiElements</Filter>
    </ClCompile>
    <ClCompile Include="hudMiniMap.cpp">
      <Filter>Desenvolupament  ========\Modules\j1HUD\hudElements\hudMiniMap</Filter>
    </ClCompile>
  </ItemGroup>
  <ItemGroup>
    <ClInclude Include="j1App.h">
      <Filter>Desenvolupament  ========</Filter>
    </ClInclude>
    <ClInclude Include="j1Module.h">
      <Filter>Desenvolupament  ========</Filter>
    </ClInclude>
    <ClInclude Include="p2Defs.h">
      <Filter>Programacio 2 ===========</Filter>
    </ClInclude>
    <ClInclude Include="p2List.h">
      <Filter>Programacio 2 ===========</Filter>
    </ClInclude>
    <ClInclude Include="p2Log.h">
      <Filter>Programacio 2 ===========</Filter>
    </ClInclude>
    <ClInclude Include="p2SString.h">
      <Filter>Programacio 2 ===========</Filter>
    </ClInclude>
    <ClInclude Include="p2Point.h">
      <Filter>Programacio 2 ===========</Filter>
    </ClInclude>
    <ClInclude Include="p2DynArray.h">
      <Filter>Programacio 2 ===========</Filter>
    </ClInclude>
    <ClInclude Include="j1Scene.h">
      <Filter>Desenvolupament  ========\Scenes</Filter>
    </ClInclude>
    <ClInclude Include="PugiXml\src\pugiconfig.hpp">
      <Filter>Desenvolupament  ========\Tools\PuguiXML</Filter>
    </ClInclude>
    <ClInclude Include="PugiXml\src\pugixml.hpp">
      <Filter>Desenvolupament  ========\Tools\PuguiXML</Filter>
    </ClInclude>
    <ClInclude Include="j1Timer.h">
      <Filter>Desenvolupament  ========\Tools</Filter>
    </ClInclude>
    <ClInclude Include="j1PerfTimer.h">
      <Filter>Desenvolupament  ========\Tools</Filter>
    </ClInclude>
    <ClInclude Include="GuiElements.h">
      <Filter>Desenvolupament  ========\Modules\j1Gui\GuiElements</Filter>
    </ClInclude>
    <ClInclude Include="Animation.h">
      <Filter>Desenvolupament  ========\Modules</Filter>
    </ClInclude>
    <ClInclude Include="j1Audio.h">
      <Filter>Desenvolupament  ========\Modules\j1Audio</Filter>
    </ClInclude>
    <ClInclude Include="j1Collision.h">
      <Filter>Desenvolupament  ========\Modules\j1Collision</Filter>
    </ClInclude>
    <ClInclude Include="j1FileSystem.h">
      <Filter>Desenvolupament  ========\Modules\j1FileSystem</Filter>
    </ClInclude>
    <ClInclude Include="j1Fonts.h">
      <Filter>Desenvolupament  ========\Modules\j1Fonts</Filter>
    </ClInclude>
    <ClInclude Include="j1Gui.h">
      <Filter>Desenvolupament  ========\Modules\j1Gui</Filter>
    </ClInclude>
    <ClInclude Include="j1Input.h">
      <Filter>Desenvolupament  ========\Modules\j1Input</Filter>
    </ClInclude>
    <ClInclude Include="j1Map.h">
      <Filter>Desenvolupament  ========\Modules\j1Map</Filter>
    </ClInclude>
    <ClInclude Include="j1Pathfinding.h">
      <Filter>Desenvolupament  ========\Modules\j1Pathfinding</Filter>
    </ClInclude>
    <ClInclude Include="j1Player.h">
      <Filter>Desenvolupament  ========\Modules\j1Player</Filter>
    </ClInclude>
    <ClInclude Include="j1SceneManager.h">
      <Filter>Desenvolupament  ========\Modules\j1SceneManager</Filter>
    </ClInclude>
    <ClInclude Include="j1Textures.h">
      <Filter>Desenvolupament  ========\Modules\j1Textures</Filter>
    </ClInclude>
    <ClInclude Include="j1Window.h">
      <Filter>Desenvolupament  ========\Modules\j1Window</Filter>
    </ClInclude>
    <ClInclude Include="snIntro.h">
      <Filter>Desenvolupament  ========\Scenes\snIntro</Filter>
    </ClInclude>
    <ClInclude Include="snOutdoor1.h">
      <Filter>Desenvolupament  ========\Scenes\snOutdoor1</Filter>
    </ClInclude>
    <ClInclude Include="memleaks.h">
      <Filter>Desenvolupament  ========\Tools</Filter>
    </ClInclude>
    <ClInclude Include="ExtraSTL.h">
      <Filter>Programacio 2 ===========</Filter>
    </ClInclude>
    <ClInclude Include="j1Game.h">
      <Filter>Desenvolupament  ========\Modules\j1Game</Filter>
    </ClInclude>
    <ClInclude Include="j1Render.h">
      <Filter>Desenvolupament  ========\Modules\j1Render</Filter>
    </ClInclude>
    <ClInclude Include="j1EntityManager.h">
      <Filter>Desenvolupament  ========\Modules\j1EntityManager</Filter>
    </ClInclude>
    <ClInclude Include="hudElement.h">
      <Filter>Desenvolupament  ========\Modules\j1HUD\hudElements</Filter>
    </ClInclude>
    <ClInclude Include="hudBelt.h">
      <Filter>Desenvolupament  ========\Modules\j1HUD\hudElements\hudBelt</Filter>
    </ClInclude>
    <ClInclude Include="j1HUD.h">
      <Filter>Desenvolupament  ========\Modules\j1HUD</Filter>
    </ClInclude>
    <ClInclude Include="hudPause.h">
      <Filter>Desenvolupament  ========\Modules\j1HUD\hudElements\hudPause</Filter>
    </ClInclude>
    <ClInclude Include="Entity.h">
      <Filter>Desenvolupament  ========\Modules\j1EntityManager\Entities</Filter>
    </ClInclude>
    <ClInclude Include="EntEnemy.h">
      <Filter>Desenvolupament  ========\Modules\j1EntityManager\Entities\EntMobile\EntEnemy</Filter>
    </ClInclude>
    <ClInclude Include="EntProp.h">
      <Filter>Desenvolupament  ========\Modules\j1EntityManager\Entities\EntStatic\EntProp</Filter>
    </ClInclude>
    <ClInclude Include="EntStatic.h">
      <Filter>Desenvolupament  ========\Modules\j1EntityManager\Entities\EntStatic</Filter>
    </ClInclude>
    <ClInclude Include="EntItem.h">
      <Filter>Desenvolupament  ========\Modules\j1EntityManager\Entities\EntStatic\EntItem</Filter>
    </ClInclude>
    <ClInclude Include="EntMobile.h">
      <Filter>Desenvolupament  ========\Modules\j1EntityManager\Entities\EntMobile</Filter>
    </ClInclude>
    <ClInclude Include="GuiInventory.h">
      <Filter>Desenvolupament  ========\Modules\j1Gui\GuiElements\GuiInventory</Filter>
    </ClInclude>
    <ClInclude Include="GuiItem.h">
      <Filter>Desenvolupament  ========\Modules\j1Gui\GuiElements\GuiInventory</Filter>
    </ClInclude>
    <ClInclude Include="GuiSlot.h">
      <Filter>Desenvolupament  ========\Modules\j1Gui\GuiElements\GuiInventory</Filter>
    </ClInclude>
    <ClInclude Include="hudInventory.h">
      <Filter>Desenvolupament  ========\Modules\j1HUD\hudElements\hudInventory</Filter>
    </ClInclude>
    <ClInclude Include="snDungeon1.h">
      <Filter>Desenvolupament  ========\Scenes\snDungeon</Filter>
    </ClInclude>
    <ClInclude Include="snWin.h">
      <Filter>Desenvolupament  ========\Scenes\snWin</Filter>
    </ClInclude>
    <ClInclude Include="hudBlood.h">
      <Filter>Desenvolupament  ========\Modules\j1HUD\hudElements\hudBlood</Filter>
    </ClInclude>
    <ClInclude Include="playerParticle.h">
      <Filter>Desenvolupament  ========\Modules\j1Player\playerParticle</Filter>
    </ClInclude>
    <ClInclude Include="hudSkilltree.h">
      <Filter>Desenvolupament  ========\Modules\j1HUD\hudElements\hudSkilltree</Filter>
    </ClInclude>
    <ClInclude Include="EntPortal.h">
      <Filter>Desenvolupament  ========\Modules\j1EntityManager\Entities\EntStatic\EntPortal</Filter>
    </ClInclude>
    <ClInclude Include="Skill.h">
      <Filter>Desenvolupament  ========\Modules\j1Player\Skills</Filter>
    </ClInclude>
    <ClInclude Include="PlayerSkills.h">
      <Filter>Desenvolupament  ========\Modules\j1Player\Skills\Player skills</Filter>
    </ClInclude>
    <ClInclude Include="j1ParticleManager.h">
      <Filter>Desenvolupament  ========\Modules\j1ParticleManager</Filter>
    </ClInclude>
    <ClInclude Include="Item.h">
      <Filter>Desenvolupament  ========\Modules\Items</Filter>
    </ClInclude>
    <ClInclude Include="hudStats.h">
      <Filter>Desenvolupament  ========\Modules\j1HUD\hudElements\hudStats</Filter>
    </ClInclude>
    <ClInclude Include="snDungeon2.h">
      <Filter>Desenvolupament  ========\Scenes\snDungeon2</Filter>
    </ClInclude>
    <ClInclude Include="GuiSkill.h">
      <Filter>Desenvolupament  ========\Modules\j1Gui\GuiElements</Filter>
    </ClInclude>
    <ClInclude Include="EntEnemyWolf.h">
      <Filter>Desenvolupament  ========\Modules\j1EntityManager\Entities\EntMobile\EntEnemy\EntEnemyWolf</Filter>
    </ClInclude>
    <ClInclude Include="EntEnemyCrawler.h">
      <Filter>Desenvolupament  ========\Modules\j1EntityManager\Entities\EntMobile\EntEnemy\EntEnemyCrawler</Filter>
    </ClInclude>
    <ClInclude Include="EntEnemyCouncil.h">
      <Filter>Desenvolupament  ========\Modules\j1EntityManager\Entities\EntMobile\EntEnemy\EntEnemyCouncil</Filter>
    </ClInclude>
    <ClInclude Include="EntEnemyShaman.h">
      <Filter>Desenvolupament  ========\Modules\j1EntityManager\Entities\EntMobile\EntEnemy\EntEnemyShaman</Filter>
    </ClInclude>
    <ClInclude Include="EntEnemySummoner.h">
      <Filter>Desenvolupament  ========\Modules\j1EntityManager\Entities\EntMobile\EntEnemy\EntEnemySummoner</Filter>
    </ClInclude>
    <ClInclude Include="Buff.h">
      <Filter>Desenvolupament  ========\Modules\Items\Buff</Filter>
    </ClInclude>
    <ClInclude Include="snOutdoor2.h">
      <Filter>Desenvolupament  ========\Scenes\snOutdoor2</Filter>
    </ClInclude>
    <ClInclude Include="GuiMiniMap.h">
      <Filter>Desenvolupament  ========\Modules\j1Gui\GuiElements</Filter>
    </ClInclude>
    <ClInclude Include="hudMiniMap.h">
      <Filter>Desenvolupament  ========\Modules\j1HUD\hudElements\hudMiniMap</Filter>
    </ClInclude>
  </ItemGroup>
  <ItemGroup>
    <Filter Include="Programacio 2 ===========">
      <UniqueIdentifier>{a8bfab6a-5472-4969-943e-861a8b493f08}</UniqueIdentifier>
    </Filter>
    <Filter Include="Desenvolupament  ========">
      <UniqueIdentifier>{cb944693-b9d0-484c-bad2-02d5a7cdbec6}</UniqueIdentifier>
    </Filter>
    <Filter Include="Desenvolupament  ========\Tools">
      <UniqueIdentifier>{42c748be-4a37-49de-970f-5be811d06b38}</UniqueIdentifier>
    </Filter>
    <Filter Include="Desenvolupament  ========\Scenes">
      <UniqueIdentifier>{e07660eb-d36f-4cc9-af59-324d31c2f2f6}</UniqueIdentifier>
    </Filter>
    <Filter Include="Desenvolupament  ========\Modules">
      <UniqueIdentifier>{244722d1-90ce-423d-8e7a-556211865a32}</UniqueIdentifier>
    </Filter>
    <Filter Include="Desenvolupament  ========\Tools\PuguiXML">
      <UniqueIdentifier>{7cb78d67-17cc-45eb-af97-e2106becce7b}</UniqueIdentifier>
    </Filter>
    <Filter Include="Desenvolupament  ========\Modules\j1Audio">
      <UniqueIdentifier>{aa3152b8-52d8-4cd5-accf-1e11d15d0e89}</UniqueIdentifier>
    </Filter>
    <Filter Include="Desenvolupament  ========\Modules\j1Collision">
      <UniqueIdentifier>{f6331eab-d3d6-4f21-b99e-9a1994f5b7fc}</UniqueIdentifier>
    </Filter>
    <Filter Include="Desenvolupament  ========\Modules\j1FileSystem">
      <UniqueIdentifier>{a2069f69-a780-4b8a-baf7-4e3a23ccb8b4}</UniqueIdentifier>
    </Filter>
    <Filter Include="Desenvolupament  ========\Modules\j1Fonts">
      <UniqueIdentifier>{764ee469-a5ef-4357-9cc6-8bf39c90ccb5}</UniqueIdentifier>
    </Filter>
    <Filter Include="Desenvolupament  ========\Modules\j1Input">
      <UniqueIdentifier>{67ea4f98-6271-4347-86f3-9955d4c947fd}</UniqueIdentifier>
    </Filter>
    <Filter Include="Desenvolupament  ========\Modules\j1Map">
      <UniqueIdentifier>{186e00ff-b15d-4a6a-8109-15a5d330806f}</UniqueIdentifier>
    </Filter>
    <Filter Include="Desenvolupament  ========\Modules\j1Pathfinding">
      <UniqueIdentifier>{05d38d65-42fe-466b-99c9-1287debb865c}</UniqueIdentifier>
    </Filter>
    <Filter Include="Desenvolupament  ========\Modules\j1Player">
      <UniqueIdentifier>{12bfdf1d-7942-4807-a820-b7c1246a3f49}</UniqueIdentifier>
    </Filter>
    <Filter Include="Desenvolupament  ========\Modules\j1Render">
      <UniqueIdentifier>{9a247b2e-1b24-4be8-bff1-c79c88ceabe1}</UniqueIdentifier>
    </Filter>
    <Filter Include="Desenvolupament  ========\Modules\j1SceneManager">
      <UniqueIdentifier>{90f6bab1-346e-4901-ba78-1fc6662637de}</UniqueIdentifier>
    </Filter>
    <Filter Include="Desenvolupament  ========\Modules\j1Textures">
      <UniqueIdentifier>{f5a4a998-86b3-48b9-950a-9507bcb6c869}</UniqueIdentifier>
    </Filter>
    <Filter Include="Desenvolupament  ========\Modules\j1Window">
      <UniqueIdentifier>{50c542cf-c343-4609-bfa1-f63c073dbd61}</UniqueIdentifier>
    </Filter>
    <Filter Include="Desenvolupament  ========\Scenes\snIntro">
      <UniqueIdentifier>{afb39d9a-e8a5-43c4-9ad0-6306f02e49b9}</UniqueIdentifier>
    </Filter>
    <Filter Include="Desenvolupament  ========\Scenes\snOutdoor1">
      <UniqueIdentifier>{4d5586d9-f352-4224-9ccb-6028ed85f905}</UniqueIdentifier>
    </Filter>
    <Filter Include="Desenvolupament  ========\Modules\j1Gui">
      <UniqueIdentifier>{8230f9dd-22bb-451a-a5ba-40a38be40461}</UniqueIdentifier>
    </Filter>
    <Filter Include="Desenvolupament  ========\Modules\j1Gui\GuiElements">
      <UniqueIdentifier>{9e41f391-2267-459a-b2e8-8e209a5a4d3e}</UniqueIdentifier>
    </Filter>
    <Filter Include="Desenvolupament  ========\Modules\j1HUD">
      <UniqueIdentifier>{a03a1092-30d4-4fbc-b6b7-d7ed616fb9b9}</UniqueIdentifier>
    </Filter>
    <Filter Include="Desenvolupament  ========\Modules\j1Game">
      <UniqueIdentifier>{2addcc75-9722-4af9-b02f-0617b7b4a70e}</UniqueIdentifier>
    </Filter>
    <Filter Include="Desenvolupament  ========\Modules\j1EntityManager">
      <UniqueIdentifier>{e207d71e-6e6c-4e68-aac4-1b52eae69768}</UniqueIdentifier>
    </Filter>
    <Filter Include="Desenvolupament  ========\Modules\j1HUD\hudElements">
      <UniqueIdentifier>{e54e4de0-ef91-49e5-aa76-d1cd58096b20}</UniqueIdentifier>
    </Filter>
    <Filter Include="Desenvolupament  ========\Modules\j1HUD\hudElements\hudBelt">
      <UniqueIdentifier>{1f597317-7711-474b-83b7-f94f019ffb23}</UniqueIdentifier>
    </Filter>
    <Filter Include="Desenvolupament  ========\Modules\j1HUD\hudElements\hudPause">
      <UniqueIdentifier>{ddc02d96-4370-43e4-a077-e4566b2a3044}</UniqueIdentifier>
    </Filter>
    <Filter Include="Desenvolupament  ========\Modules\j1EntityManager\Entities">
      <UniqueIdentifier>{69b7d4e8-dc9d-491e-99a5-7ed1492c2ac3}</UniqueIdentifier>
    </Filter>
    <Filter Include="Desenvolupament  ========\Modules\j1EntityManager\Entities\EntMobile">
      <UniqueIdentifier>{ac71612b-8f7b-4abe-98b7-ee2ec6b716a9}</UniqueIdentifier>
    </Filter>
    <Filter Include="Desenvolupament  ========\Modules\j1EntityManager\Entities\EntMobile\EntEnemy">
      <UniqueIdentifier>{9cb4a80d-922c-4ead-a2a5-9e75b8e18b78}</UniqueIdentifier>
    </Filter>
    <Filter Include="Desenvolupament  ========\Modules\j1EntityManager\Entities\EntStatic">
      <UniqueIdentifier>{5821480b-d82b-4b05-bc25-093f5029b1b7}</UniqueIdentifier>
    </Filter>
    <Filter Include="Desenvolupament  ========\Modules\j1EntityManager\Entities\EntStatic\EntProp">
      <UniqueIdentifier>{0756e088-82e2-482a-b622-2c1ddbbfbf36}</UniqueIdentifier>
    </Filter>
    <Filter Include="Desenvolupament  ========\Modules\j1EntityManager\Entities\EntStatic\EntItem">
      <UniqueIdentifier>{c16e2a19-23a0-49c7-b12f-2defe3f8c213}</UniqueIdentifier>
    </Filter>
    <Filter Include="Desenvolupament  ========\Modules\j1Gui\GuiElements\GuiInventory">
      <UniqueIdentifier>{a9fd7529-693f-480f-80a8-9750459d5b17}</UniqueIdentifier>
    </Filter>
    <Filter Include="Desenvolupament  ========\Modules\j1HUD\hudElements\hudInventory">
      <UniqueIdentifier>{749a4e10-224d-494c-9745-d50d07b818ba}</UniqueIdentifier>
    </Filter>
    <Filter Include="Desenvolupament  ========\Scenes\snDungeon">
      <UniqueIdentifier>{4305708b-481b-48c2-bb28-eaec19279639}</UniqueIdentifier>
    </Filter>
    <Filter Include="Desenvolupament  ========\Scenes\snWin">
      <UniqueIdentifier>{d25bc987-7973-438c-a1c7-a4360353fdb8}</UniqueIdentifier>
    </Filter>
    <Filter Include="Desenvolupament  ========\Modules\j1HUD\hudElements\hudBlood">
      <UniqueIdentifier>{e1b9b919-0b5d-488c-9f38-90be2bcc3001}</UniqueIdentifier>
    </Filter>
    <Filter Include="Desenvolupament  ========\Modules\j1Player\playerParticle">
      <UniqueIdentifier>{de39471a-ba8a-48d0-92ff-866181ca9abb}</UniqueIdentifier>
    </Filter>
    <Filter Include="Desenvolupament  ========\Modules\j1HUD\hudElements\hudSkilltree">
      <UniqueIdentifier>{81258b05-5d87-4ba2-a924-29796fd9192e}</UniqueIdentifier>
    </Filter>
    <Filter Include="Desenvolupament  ========\Modules\j1EntityManager\Entities\EntStatic\EntPortal">
      <UniqueIdentifier>{6de5d855-2e03-410d-bc70-9b24d4287186}</UniqueIdentifier>
    </Filter>
    <Filter Include="Desenvolupament  ========\Modules\j1Player\Skills">
      <UniqueIdentifier>{eac3edcf-fbcc-4853-9271-864fe5fc1dc2}</UniqueIdentifier>
    </Filter>
    <Filter Include="Desenvolupament  ========\Modules\j1Player\Skills\Player skills">
      <UniqueIdentifier>{a9f15b31-d592-4c86-a031-e9582e38013a}</UniqueIdentifier>
    </Filter>
    <Filter Include="Desenvolupament  ========\Modules\j1ParticleManager">
      <UniqueIdentifier>{11baf7ed-eff5-4741-9910-c092cbc37a59}</UniqueIdentifier>
    </Filter>
    <Filter Include="Desenvolupament  ========\Modules\Items">
      <UniqueIdentifier>{8657d77d-4f20-4c38-a678-6fc7e6d574c3}</UniqueIdentifier>
    </Filter>
    <Filter Include="Desenvolupament  ========\Modules\Items\Items kinds">
      <UniqueIdentifier>{bd46a69b-4891-47c1-8bd5-bef95a75744c}</UniqueIdentifier>
    </Filter>
    <Filter Include="Desenvolupament  ========\Modules\j1HUD\hudElements\hudStats">
      <UniqueIdentifier>{b8f381ac-1b42-40b9-9c0d-f8c33bc9c3ab}</UniqueIdentifier>
    </Filter>
    <Filter Include="Desenvolupament  ========\Scenes\snDungeon2">
      <UniqueIdentifier>{517116e4-eace-4279-9abe-5143e4706839}</UniqueIdentifier>
    </Filter>
    <Filter Include="Desenvolupament  ========\Modules\j1EntityManager\Entities\EntMobile\EntEnemy\EntEnemyWolf">
      <UniqueIdentifier>{53c101a8-1be1-49a4-9319-6d543b6549eb}</UniqueIdentifier>
    </Filter>
    <Filter Include="Desenvolupament  ========\Modules\j1EntityManager\Entities\EntMobile\EntEnemy\EntEnemyCrawler">
      <UniqueIdentifier>{51ad1034-8831-42bb-a0b0-90ad85fce101}</UniqueIdentifier>
    </Filter>
    <Filter Include="Desenvolupament  ========\Modules\j1EntityManager\Entities\EntMobile\EntEnemy\EntEnemyCouncil">
      <UniqueIdentifier>{bd4edd4d-4b47-465c-b3cc-8aa36f08acc8}</UniqueIdentifier>
    </Filter>
    <Filter Include="Desenvolupament  ========\Modules\j1EntityManager\Entities\EntMobile\EntEnemy\EntEnemyShaman">
      <UniqueIdentifier>{0b8df890-c7dc-41cf-8386-33dc7f681403}</UniqueIdentifier>
    </Filter>
    <Filter Include="Desenvolupament  ========\Modules\j1EntityManager\Entities\EntMobile\EntEnemy\EntEnemySummoner">
      <UniqueIdentifier>{927e8b5e-5459-4de1-b661-6fb27fa07f57}</UniqueIdentifier>
    </Filter>
    <Filter Include="Desenvolupament  ========\Modules\Items\Buff">
      <UniqueIdentifier>{fc3f8c0a-0165-4dd1-b5ea-9059345e62e8}</UniqueIdentifier>
    </Filter>
    <Filter Include="Desenvolupament  ========\Scenes\snOutdoor2">
      <UniqueIdentifier>{9bbe3fe5-fd3b-49e1-a670-27c7ac2bea10}</UniqueIdentifier>
    </Filter>
    <Filter Include="Desenvolupament  ========\Modules\j1HUD\hudElements\hudMiniMap">
      <UniqueIdentifier>{c2e1419c-55ff-4fcf-9c7f-921ad52cdcb6}</UniqueIdentifier>
    </Filter>
  </ItemGroup>
</Project>